// !$*UTF8*$!
{
	archiveVersion = 1;
	classes = {
	};
	objectVersion = 77;
	objects = {

/* Begin PBXBuildFile section */
		AA21F5D22D5C0D6A00BDF6E6 /* AppDelegate.swift in Sources */ = {isa = PBXBuildFile; fileRef = AA21F5D02D5C0D6A00BDF6E6 /* AppDelegate.swift */; };
		AA21F5D62D5C0D6A00BDF6E6 /* MoviesUITests.swift in Sources */ = {isa = PBXBuildFile; fileRef = AA21F5D32D5C0D6A00BDF6E6 /* MoviesUITests.swift */; };
		AA21F5D72D5C0D6A00BDF6E6 /* MoviesUITestsLaunchTests.swift in Sources */ = {isa = PBXBuildFile; fileRef = AA21F5D42D5C0D6A00BDF6E6 /* MoviesUITestsLaunchTests.swift */; };
		AA21F5EE2D5C0D6A00BDF6E6 /* DetailFactory.swift in Sources */ = {isa = PBXBuildFile; fileRef = AA21F5D82D5C0D6A00BDF6E6 /* DetailFactory.swift */; };
		AA21F5EF2D5C0D6A00BDF6E6 /* MoviewDetailViewModel.swift in Sources */ = {isa = PBXBuildFile; fileRef = AA21F5DA2D5C0D6A00BDF6E6 /* MoviewDetailViewModel.swift */; };
		AA21F5F02D5C0D6A00BDF6E6 /* MovieDetailView.swift in Sources */ = {isa = PBXBuildFile; fileRef = AA21F5DC2D5C0D6A00BDF6E6 /* MovieDetailView.swift */; };
		AA21F5F12D5C0D6A00BDF6E6 /* MovieDetailViewController.swift in Sources */ = {isa = PBXBuildFile; fileRef = AA21F5DD2D5C0D6A00BDF6E6 /* MovieDetailViewController.swift */; };
		AA21F5F22D5C0D6A00BDF6E6 /* HomeCoordinator.swift in Sources */ = {isa = PBXBuildFile; fileRef = AA21F5E02D5C0D6A00BDF6E6 /* HomeCoordinator.swift */; };
		AA21F5F32D5C0D6A00BDF6E6 /* HomeFactory.swift in Sources */ = {isa = PBXBuildFile; fileRef = AA21F5E22D5C0D6A00BDF6E6 /* HomeFactory.swift */; };
		AA21F5F42D5C0D6A00BDF6E6 /* HomeCellViewModel.swift in Sources */ = {isa = PBXBuildFile; fileRef = AA21F5E42D5C0D6A00BDF6E6 /* HomeCellViewModel.swift */; };
		AA21F5F52D5C0D6A00BDF6E6 /* HomeViewModel.swift in Sources */ = {isa = PBXBuildFile; fileRef = AA21F5E52D5C0D6A00BDF6E6 /* HomeViewModel.swift */; };
		AA21F5F62D5C0D6A00BDF6E6 /* HomeCell.swift in Sources */ = {isa = PBXBuildFile; fileRef = AA21F5E72D5C0D6A00BDF6E6 /* HomeCell.swift */; };
		AA21F5F72D5C0D6A00BDF6E6 /* HomeView.swift in Sources */ = {isa = PBXBuildFile; fileRef = AA21F5E82D5C0D6A00BDF6E6 /* HomeView.swift */; };
		AA21F5F82D5C0D6A00BDF6E6 /* HomeViewController.swift in Sources */ = {isa = PBXBuildFile; fileRef = AA21F5E92D5C0D6A00BDF6E6 /* HomeViewController.swift */; };
		AA21F6052D5C0D6A00BDF6E6 /* Movie.swift in Sources */ = {isa = PBXBuildFile; fileRef = AA21F5F92D5C0D6A00BDF6E6 /* Movie.swift */; };
		AA21F6062D5C0D6A00BDF6E6 /* Log.swift in Sources */ = {isa = PBXBuildFile; fileRef = AA21F5FB2D5C0D6A00BDF6E6 /* Log.swift */; };
		AA21F6072D5C0D6A00BDF6E6 /* UIImageView+.swift in Sources */ = {isa = PBXBuildFile; fileRef = AA21F5FC2D5C0D6A00BDF6E6 /* UIImageView+.swift */; };
		AA21F6082D5C0D6A00BDF6E6 /* MovieService.swift in Sources */ = {isa = PBXBuildFile; fileRef = AA21F5FE2D5C0D6A00BDF6E6 /* MovieService.swift */; };
		AA21F6092D5C0D6A00BDF6E6 /* Observable.swift in Sources */ = {isa = PBXBuildFile; fileRef = AA21F6002D5C0D6A00BDF6E6 /* Observable.swift */; };
		AA21F60A2D5C0D6A00BDF6E6 /* ViewConfig.swift in Sources */ = {isa = PBXBuildFile; fileRef = AA21F6022D5C0D6A00BDF6E6 /* ViewConfig.swift */; };
		AA21F61B2D5C0D6A00BDF6E6 /* MoviewDetailViewModelTests.swift in Sources */ = {isa = PBXBuildFile; fileRef = AA21F60B2D5C0D6A00BDF6E6 /* MoviewDetailViewModelTests.swift */; };
		AA21F61C2D5C0D6A00BDF6E6 /* HomeCoordinatorTests.swift in Sources */ = {isa = PBXBuildFile; fileRef = AA21F60E2D5C0D6A00BDF6E6 /* HomeCoordinatorTests.swift */; };
		AA21F61D2D5C0D6A00BDF6E6 /* HomeViewModelSpy.swift in Sources */ = {isa = PBXBuildFile; fileRef = AA21F6102D5C0D6A00BDF6E6 /* HomeViewModelSpy.swift */; };
		AA21F61E2D5C0D6A00BDF6E6 /* MovieFixture.swift in Sources */ = {isa = PBXBuildFile; fileRef = AA21F6112D5C0D6A00BDF6E6 /* MovieFixture.swift */; };
		AA21F61F2D5C0D6A00BDF6E6 /* HomeViewModelTests.swift in Sources */ = {isa = PBXBuildFile; fileRef = AA21F6132D5C0D6A00BDF6E6 /* HomeViewModelTests.swift */; };
		AA21F6202D5C0D6A00BDF6E6 /* NetworkingTests.swift in Sources */ = {isa = PBXBuildFile; fileRef = AA21F6152D5C0D6A00BDF6E6 /* NetworkingTests.swift */; };
		AA21F6212D5C0D6A00BDF6E6 /* URLSessionStub.swift in Sources */ = {isa = PBXBuildFile; fileRef = AA21F6162D5C0D6A00BDF6E6 /* URLSessionStub.swift */; };
		AA21F6272D5C0D6A00BDF6E6 /* Assets.xcassets in Resources */ = {isa = PBXBuildFile; fileRef = AA21F6222D5C0D6A00BDF6E6 /* Assets.xcassets */; };
		AA21F6292D5C0D6A00BDF6E6 /* LaunchScreen.storyboard in Resources */ = {isa = PBXBuildFile; fileRef = AA21F6252D5C0D6A00BDF6E6 /* LaunchScreen.storyboard */; };
		AA21F62C2D5C0DAF00BDF6E6 /* HTTPClient.swift in Sources */ = {isa = PBXBuildFile; fileRef = AA21F62B2D5C0DA900BDF6E6 /* HTTPClient.swift */; };
		AA21F62E2D5C291E00BDF6E6 /* ExecutableHTTPClient.swift in Sources */ = {isa = PBXBuildFile; fileRef = AA21F62D2D5C291D00BDF6E6 /* ExecutableHTTPClient.swift */; };
/* End PBXBuildFile section */

/* Begin PBXContainerItemProxy section */
		AA4FF7002CBB78EC009F85B5 /* PBXContainerItemProxy */ = {
			isa = PBXContainerItemProxy;
			containerPortal = AA4FF6E12CBB78EA009F85B5 /* Project object */;
			proxyType = 1;
			remoteGlobalIDString = AA4FF6E82CBB78EA009F85B5;
			remoteInfo = Movies;
		};
/* End PBXContainerItemProxy section */

/* Begin PBXFileReference section */
		AA21F5D02D5C0D6A00BDF6E6 /* AppDelegate.swift */ = {isa = PBXFileReference; lastKnownFileType = sourcecode.swift; path = AppDelegate.swift; sourceTree = "<group>"; };
		AA21F5D32D5C0D6A00BDF6E6 /* MoviesUITests.swift */ = {isa = PBXFileReference; lastKnownFileType = sourcecode.swift; path = MoviesUITests.swift; sourceTree = "<group>"; };
		AA21F5D42D5C0D6A00BDF6E6 /* MoviesUITestsLaunchTests.swift */ = {isa = PBXFileReference; lastKnownFileType = sourcecode.swift; path = MoviesUITestsLaunchTests.swift; sourceTree = "<group>"; };
		AA21F5D82D5C0D6A00BDF6E6 /* DetailFactory.swift */ = {isa = PBXFileReference; lastKnownFileType = sourcecode.swift; path = DetailFactory.swift; sourceTree = "<group>"; };
		AA21F5DA2D5C0D6A00BDF6E6 /* MoviewDetailViewModel.swift */ = {isa = PBXFileReference; lastKnownFileType = sourcecode.swift; path = MoviewDetailViewModel.swift; sourceTree = "<group>"; };
		AA21F5DC2D5C0D6A00BDF6E6 /* MovieDetailView.swift */ = {isa = PBXFileReference; lastKnownFileType = sourcecode.swift; path = MovieDetailView.swift; sourceTree = "<group>"; };
		AA21F5DD2D5C0D6A00BDF6E6 /* MovieDetailViewController.swift */ = {isa = PBXFileReference; lastKnownFileType = sourcecode.swift; path = MovieDetailViewController.swift; sourceTree = "<group>"; };
		AA21F5E02D5C0D6A00BDF6E6 /* HomeCoordinator.swift */ = {isa = PBXFileReference; lastKnownFileType = sourcecode.swift; path = HomeCoordinator.swift; sourceTree = "<group>"; };
		AA21F5E22D5C0D6A00BDF6E6 /* HomeFactory.swift */ = {isa = PBXFileReference; lastKnownFileType = sourcecode.swift; path = HomeFactory.swift; sourceTree = "<group>"; };
		AA21F5E42D5C0D6A00BDF6E6 /* HomeCellViewModel.swift */ = {isa = PBXFileReference; lastKnownFileType = sourcecode.swift; path = HomeCellViewModel.swift; sourceTree = "<group>"; };
		AA21F5E52D5C0D6A00BDF6E6 /* HomeViewModel.swift */ = {isa = PBXFileReference; lastKnownFileType = sourcecode.swift; path = HomeViewModel.swift; sourceTree = "<group>"; };
		AA21F5E72D5C0D6A00BDF6E6 /* HomeCell.swift */ = {isa = PBXFileReference; lastKnownFileType = sourcecode.swift; path = HomeCell.swift; sourceTree = "<group>"; };
		AA21F5E82D5C0D6A00BDF6E6 /* HomeView.swift */ = {isa = PBXFileReference; lastKnownFileType = sourcecode.swift; path = HomeView.swift; sourceTree = "<group>"; };
		AA21F5E92D5C0D6A00BDF6E6 /* HomeViewController.swift */ = {isa = PBXFileReference; lastKnownFileType = sourcecode.swift; path = HomeViewController.swift; sourceTree = "<group>"; };
		AA21F5F92D5C0D6A00BDF6E6 /* Movie.swift */ = {isa = PBXFileReference; lastKnownFileType = sourcecode.swift; path = Movie.swift; sourceTree = "<group>"; };
		AA21F5FB2D5C0D6A00BDF6E6 /* Log.swift */ = {isa = PBXFileReference; lastKnownFileType = sourcecode.swift; path = Log.swift; sourceTree = "<group>"; };
		AA21F5FC2D5C0D6A00BDF6E6 /* UIImageView+.swift */ = {isa = PBXFileReference; lastKnownFileType = sourcecode.swift; path = "UIImageView+.swift"; sourceTree = "<group>"; };
		AA21F5FE2D5C0D6A00BDF6E6 /* MovieService.swift */ = {isa = PBXFileReference; lastKnownFileType = sourcecode.swift; path = MovieService.swift; sourceTree = "<group>"; };
		AA21F6002D5C0D6A00BDF6E6 /* Observable.swift */ = {isa = PBXFileReference; lastKnownFileType = sourcecode.swift; path = Observable.swift; sourceTree = "<group>"; };
		AA21F6022D5C0D6A00BDF6E6 /* ViewConfig.swift */ = {isa = PBXFileReference; lastKnownFileType = sourcecode.swift; path = ViewConfig.swift; sourceTree = "<group>"; };
		AA21F60B2D5C0D6A00BDF6E6 /* MoviewDetailViewModelTests.swift */ = {isa = PBXFileReference; lastKnownFileType = sourcecode.swift; path = MoviewDetailViewModelTests.swift; sourceTree = "<group>"; };
		AA21F60E2D5C0D6A00BDF6E6 /* HomeCoordinatorTests.swift */ = {isa = PBXFileReference; lastKnownFileType = sourcecode.swift; path = HomeCoordinatorTests.swift; sourceTree = "<group>"; };
		AA21F6102D5C0D6A00BDF6E6 /* HomeViewModelSpy.swift */ = {isa = PBXFileReference; lastKnownFileType = sourcecode.swift; path = HomeViewModelSpy.swift; sourceTree = "<group>"; };
		AA21F6112D5C0D6A00BDF6E6 /* MovieFixture.swift */ = {isa = PBXFileReference; lastKnownFileType = sourcecode.swift; path = MovieFixture.swift; sourceTree = "<group>"; };
		AA21F6132D5C0D6A00BDF6E6 /* HomeViewModelTests.swift */ = {isa = PBXFileReference; lastKnownFileType = sourcecode.swift; path = HomeViewModelTests.swift; sourceTree = "<group>"; };
		AA21F6152D5C0D6A00BDF6E6 /* NetworkingTests.swift */ = {isa = PBXFileReference; lastKnownFileType = sourcecode.swift; path = NetworkingTests.swift; sourceTree = "<group>"; };
		AA21F6162D5C0D6A00BDF6E6 /* URLSessionStub.swift */ = {isa = PBXFileReference; lastKnownFileType = sourcecode.swift; path = URLSessionStub.swift; sourceTree = "<group>"; };
		AA21F6222D5C0D6A00BDF6E6 /* Assets.xcassets */ = {isa = PBXFileReference; lastKnownFileType = folder.assetcatalog; path = Assets.xcassets; sourceTree = "<group>"; };
		AA21F6232D5C0D6A00BDF6E6 /* Info.plist */ = {isa = PBXFileReference; lastKnownFileType = text.plist.xml; path = Info.plist; sourceTree = "<group>"; };
		AA21F6242D5C0D6A00BDF6E6 /* Base */ = {isa = PBXFileReference; lastKnownFileType = file.storyboard; name = Base; path = Base.lproj/LaunchScreen.storyboard; sourceTree = "<group>"; };
		AA21F62B2D5C0DA900BDF6E6 /* HTTPClient.swift */ = {isa = PBXFileReference; lastKnownFileType = sourcecode.swift; path = HTTPClient.swift; sourceTree = "<group>"; };
		AA21F62D2D5C291D00BDF6E6 /* ExecutableHTTPClient.swift */ = {isa = PBXFileReference; lastKnownFileType = sourcecode.swift; path = ExecutableHTTPClient.swift; sourceTree = "<group>"; };
		AA4FF6E92CBB78EA009F85B5 /* Movies.app */ = {isa = PBXFileReference; explicitFileType = wrapper.application; includeInIndex = 0; path = Movies.app; sourceTree = BUILT_PRODUCTS_DIR; };
		AA4FF6FF2CBB78EC009F85B5 /* MoviesTests.xctest */ = {isa = PBXFileReference; explicitFileType = wrapper.cfbundle; includeInIndex = 0; path = MoviesTests.xctest; sourceTree = BUILT_PRODUCTS_DIR; };
		AA667BDF2D4673FB000F7DEF /* FBSnapshotTestCase.framework */ = {isa = PBXFileReference; explicitFileType = wrapper.framework; path = FBSnapshotTestCase.framework; sourceTree = BUILT_PRODUCTS_DIR; };
		AAB1142A2CC227780027FB3F /* Movies.xctestplan */ = {isa = PBXFileReference; lastKnownFileType = text; path = Movies.xctestplan; sourceTree = "<group>"; };
/* End PBXFileReference section */

<<<<<<< HEAD
/* Begin PBXFileSystemSynchronizedBuildFileExceptionSet section */
		AA24E1222CE7735D004F7B86 /* Exceptions for "Resources" folder in "Movies" target */ = {
			isa = PBXFileSystemSynchronizedBuildFileExceptionSet;
			membershipExceptions = (
				Info.plist,
			);
			target = AA4FF6E82CBB78EA009F85B5 /* Movies */;
		};
/* End PBXFileSystemSynchronizedBuildFileExceptionSet section */

/* Begin PBXFileSystemSynchronizedRootGroup section */
		AA24E0DA2CE77345004F7B86 /* MoviesTests */ = {
			isa = PBXFileSystemSynchronizedRootGroup;
			exceptions = (
			);
			path = MoviesTests;
			sourceTree = "<group>";
		};
		AA24E0EA2CE7735D004F7B86 /* Resources */ = {
			isa = PBXFileSystemSynchronizedRootGroup;
			exceptions = (
				AA24E1222CE7735D004F7B86 /* Exceptions for "Resources" folder in "Movies" target */,
			);
			path = Resources;
			sourceTree = "<group>";
		};
		AA24E1032CE7735D004F7B86 /* Features */ = {
			isa = PBXFileSystemSynchronizedRootGroup;
			exceptions = (
			);
			path = Features;
			sourceTree = "<group>";
		};
		AA24E1192CE7735D004F7B86 /* Shared */ = {
			isa = PBXFileSystemSynchronizedRootGroup;
			exceptions = (
			);
			path = Shared;
			sourceTree = "<group>";
		};
		AA24E1202CE7735D004F7B86 /* Start */ = {
			isa = PBXFileSystemSynchronizedRootGroup;
			exceptions = (
			);
			path = Start;
			sourceTree = "<group>";
		};
/* End PBXFileSystemSynchronizedRootGroup section */

=======
>>>>>>> f8ec996 (- Reorganized networking)
/* Begin PBXFrameworksBuildPhase section */
		AA4FF6E62CBB78EA009F85B5 /* Frameworks */ = {
			isa = PBXFrameworksBuildPhase;
			buildActionMask = 2147483647;
			files = (
			);
			runOnlyForDeploymentPostprocessing = 0;
		};
		AA4FF6FC2CBB78EC009F85B5 /* Frameworks */ = {
			isa = PBXFrameworksBuildPhase;
			buildActionMask = 2147483647;
			files = (
			);
			runOnlyForDeploymentPostprocessing = 0;
		};
/* End PBXFrameworksBuildPhase section */

/* Begin PBXGroup section */
<<<<<<< HEAD
		6658A78A389E5B3D25746A0B /* Frameworks */ = {
			isa = PBXGroup;
			children = (
				AA667BDF2D4673FB000F7DEF /* FBSnapshotTestCase.framework */,
			);
			name = Frameworks;
			sourceTree = "<group>";
		};
		A42724AECE451D95B3D9431A /* Pods */ = {
			isa = PBXGroup;
			children = (
			);
			path = Pods;
=======
		AA21F5D12D5C0D6A00BDF6E6 /* Start */ = {
			isa = PBXGroup;
			children = (
				AA21F5D02D5C0D6A00BDF6E6 /* AppDelegate.swift */,
			);
			path = Start;
			sourceTree = "<group>";
		};
		AA21F5D52D5C0D6A00BDF6E6 /* MoviesUITests */ = {
			isa = PBXGroup;
			children = (
				AA21F5D32D5C0D6A00BDF6E6 /* MoviesUITests.swift */,
				AA21F5D42D5C0D6A00BDF6E6 /* MoviesUITestsLaunchTests.swift */,
			);
			path = MoviesUITests;
			sourceTree = "<group>";
		};
		AA21F5D92D5C0D6A00BDF6E6 /* Factory */ = {
			isa = PBXGroup;
			children = (
				AA21F5D82D5C0D6A00BDF6E6 /* DetailFactory.swift */,
			);
			path = Factory;
			sourceTree = "<group>";
		};
		AA21F5DB2D5C0D6A00BDF6E6 /* Presentation */ = {
			isa = PBXGroup;
			children = (
				AA21F5DA2D5C0D6A00BDF6E6 /* MoviewDetailViewModel.swift */,
			);
			path = Presentation;
			sourceTree = "<group>";
		};
		AA21F5DE2D5C0D6A00BDF6E6 /* UI */ = {
			isa = PBXGroup;
			children = (
				AA21F5DC2D5C0D6A00BDF6E6 /* MovieDetailView.swift */,
				AA21F5DD2D5C0D6A00BDF6E6 /* MovieDetailViewController.swift */,
			);
			path = UI;
			sourceTree = "<group>";
		};
		AA21F5DF2D5C0D6A00BDF6E6 /* Detail */ = {
			isa = PBXGroup;
			children = (
				AA21F5D92D5C0D6A00BDF6E6 /* Factory */,
				AA21F5DB2D5C0D6A00BDF6E6 /* Presentation */,
				AA21F5DE2D5C0D6A00BDF6E6 /* UI */,
			);
			path = Detail;
			sourceTree = "<group>";
		};
		AA21F5E12D5C0D6A00BDF6E6 /* Coordinator */ = {
			isa = PBXGroup;
			children = (
				AA21F5E02D5C0D6A00BDF6E6 /* HomeCoordinator.swift */,
			);
			path = Coordinator;
			sourceTree = "<group>";
		};
		AA21F5E32D5C0D6A00BDF6E6 /* Factory */ = {
			isa = PBXGroup;
			children = (
				AA21F5E22D5C0D6A00BDF6E6 /* HomeFactory.swift */,
			);
			path = Factory;
			sourceTree = "<group>";
		};
		AA21F5E62D5C0D6A00BDF6E6 /* Presentation */ = {
			isa = PBXGroup;
			children = (
				AA21F5E42D5C0D6A00BDF6E6 /* HomeCellViewModel.swift */,
				AA21F5E52D5C0D6A00BDF6E6 /* HomeViewModel.swift */,
			);
			path = Presentation;
			sourceTree = "<group>";
		};
		AA21F5EA2D5C0D6A00BDF6E6 /* UI */ = {
			isa = PBXGroup;
			children = (
				AA21F5E72D5C0D6A00BDF6E6 /* HomeCell.swift */,
				AA21F5E82D5C0D6A00BDF6E6 /* HomeView.swift */,
				AA21F5E92D5C0D6A00BDF6E6 /* HomeViewController.swift */,
			);
			path = UI;
			sourceTree = "<group>";
		};
		AA21F5EB2D5C0D6A00BDF6E6 /* Home */ = {
			isa = PBXGroup;
			children = (
				AA21F5E32D5C0D6A00BDF6E6 /* Factory */,
				AA21F5E12D5C0D6A00BDF6E6 /* Coordinator */,
				AA21F5E62D5C0D6A00BDF6E6 /* Presentation */,
				AA21F62F2D5C2C5F00BDF6E6 /* Service */,
				AA21F5EA2D5C0D6A00BDF6E6 /* UI */,
			);
			path = Home;
			sourceTree = "<group>";
		};
		AA21F5EC2D5C0D6A00BDF6E6 /* Scenes */ = {
			isa = PBXGroup;
			children = (
				AA21F5DF2D5C0D6A00BDF6E6 /* Detail */,
				AA21F5EB2D5C0D6A00BDF6E6 /* Home */,
			);
			path = Scenes;
			sourceTree = "<group>";
		};
		AA21F5ED2D5C0D6A00BDF6E6 /* Features */ = {
			isa = PBXGroup;
			children = (
				AA21F5EC2D5C0D6A00BDF6E6 /* Scenes */,
			);
			path = Features;
			sourceTree = "<group>";
		};
		AA21F5FA2D5C0D6A00BDF6E6 /* Domain */ = {
			isa = PBXGroup;
			children = (
				AA21F5F92D5C0D6A00BDF6E6 /* Movie.swift */,
			);
			path = Domain;
			sourceTree = "<group>";
		};
		AA21F5FD2D5C0D6A00BDF6E6 /* Helpers */ = {
			isa = PBXGroup;
			children = (
				AA21F5FB2D5C0D6A00BDF6E6 /* Log.swift */,
				AA21F5FC2D5C0D6A00BDF6E6 /* UIImageView+.swift */,
			);
			path = Helpers;
			sourceTree = "<group>";
		};
		AA21F6012D5C0D6A00BDF6E6 /* Observable */ = {
			isa = PBXGroup;
			children = (
				AA21F6002D5C0D6A00BDF6E6 /* Observable.swift */,
			);
			path = Observable;
			sourceTree = "<group>";
		};
		AA21F6032D5C0D6A00BDF6E6 /* ViewConfig */ = {
			isa = PBXGroup;
			children = (
				AA21F6022D5C0D6A00BDF6E6 /* ViewConfig.swift */,
			);
			path = ViewConfig;
			sourceTree = "<group>";
		};
		AA21F6042D5C0D6A00BDF6E6 /* Shared */ = {
			isa = PBXGroup;
			children = (
				AA21F62A2D5C0DA000BDF6E6 /* HTTPClient */,
				AA21F5FA2D5C0D6A00BDF6E6 /* Domain */,
				AA21F5FD2D5C0D6A00BDF6E6 /* Helpers */,
				AA21F6012D5C0D6A00BDF6E6 /* Observable */,
				AA21F6032D5C0D6A00BDF6E6 /* ViewConfig */,
			);
			path = Shared;
			sourceTree = "<group>";
		};
		AA21F60C2D5C0D6A00BDF6E6 /* Presentation */ = {
			isa = PBXGroup;
			children = (
				AA21F60B2D5C0D6A00BDF6E6 /* MoviewDetailViewModelTests.swift */,
			);
			path = Presentation;
			sourceTree = "<group>";
		};
		AA21F60D2D5C0D6A00BDF6E6 /* Detail */ = {
			isa = PBXGroup;
			children = (
				AA21F60C2D5C0D6A00BDF6E6 /* Presentation */,
			);
			path = Detail;
			sourceTree = "<group>";
		};
		AA21F60F2D5C0D6A00BDF6E6 /* Coordinator */ = {
			isa = PBXGroup;
			children = (
				AA21F60E2D5C0D6A00BDF6E6 /* HomeCoordinatorTests.swift */,
			);
			path = Coordinator;
			sourceTree = "<group>";
		};
		AA21F6122D5C0D6A00BDF6E6 /* Helpers */ = {
			isa = PBXGroup;
			children = (
				AA21F6102D5C0D6A00BDF6E6 /* HomeViewModelSpy.swift */,
				AA21F6112D5C0D6A00BDF6E6 /* MovieFixture.swift */,
			);
			path = Helpers;
			sourceTree = "<group>";
		};
		AA21F6142D5C0D6A00BDF6E6 /* Presentation */ = {
			isa = PBXGroup;
			children = (
				AA21F6132D5C0D6A00BDF6E6 /* HomeViewModelTests.swift */,
			);
			path = Presentation;
			sourceTree = "<group>";
		};
		AA21F6172D5C0D6A00BDF6E6 /* Service */ = {
			isa = PBXGroup;
			children = (
				AA21F6152D5C0D6A00BDF6E6 /* NetworkingTests.swift */,
				AA21F6162D5C0D6A00BDF6E6 /* URLSessionStub.swift */,
			);
			path = Service;
			sourceTree = "<group>";
		};
		AA21F6182D5C0D6A00BDF6E6 /* Home */ = {
			isa = PBXGroup;
			children = (
				AA21F60F2D5C0D6A00BDF6E6 /* Coordinator */,
				AA21F6122D5C0D6A00BDF6E6 /* Helpers */,
				AA21F6142D5C0D6A00BDF6E6 /* Presentation */,
				AA21F6172D5C0D6A00BDF6E6 /* Service */,
			);
			path = Home;
			sourceTree = "<group>";
		};
		AA21F6192D5C0D6A00BDF6E6 /* Scenes */ = {
			isa = PBXGroup;
			children = (
				AA21F60D2D5C0D6A00BDF6E6 /* Detail */,
				AA21F6182D5C0D6A00BDF6E6 /* Home */,
			);
			path = Scenes;
			sourceTree = "<group>";
		};
		AA21F61A2D5C0D6A00BDF6E6 /* MoviesTests */ = {
			isa = PBXGroup;
			children = (
				AA21F6192D5C0D6A00BDF6E6 /* Scenes */,
			);
			path = MoviesTests;
			sourceTree = "<group>";
		};
		AA21F6262D5C0D6A00BDF6E6 /* Resources */ = {
			isa = PBXGroup;
			children = (
				AA21F6222D5C0D6A00BDF6E6 /* Assets.xcassets */,
				AA21F6232D5C0D6A00BDF6E6 /* Info.plist */,
				AA21F6252D5C0D6A00BDF6E6 /* LaunchScreen.storyboard */,
			);
			path = Resources;
			sourceTree = "<group>";
		};
		AA21F62A2D5C0DA000BDF6E6 /* HTTPClient */ = {
			isa = PBXGroup;
			children = (
				AA21F62B2D5C0DA900BDF6E6 /* HTTPClient.swift */,
				AA21F62D2D5C291D00BDF6E6 /* ExecutableHTTPClient.swift */,
			);
			path = HTTPClient;
			sourceTree = "<group>";
		};
		AA21F62F2D5C2C5F00BDF6E6 /* Service */ = {
			isa = PBXGroup;
			children = (
				AA21F5FE2D5C0D6A00BDF6E6 /* MovieService.swift */,
			);
			path = Service;
>>>>>>> f8ec996 (- Reorganized networking)
			sourceTree = "<group>";
		};
		AA4FF6E02CBB78EA009F85B5 = {
			isa = PBXGroup;
			children = (
				AAB1142A2CC227780027FB3F /* Movies.xctestplan */,
				AA4FF7262CBB7987009F85B5 /* Movies */,
<<<<<<< HEAD
				AA24E0DA2CE77345004F7B86 /* MoviesTests */,
=======
				AA21F61A2D5C0D6A00BDF6E6 /* MoviesTests */,
				AA21F5D52D5C0D6A00BDF6E6 /* MoviesUITests */,
>>>>>>> f8ec996 (- Reorganized networking)
				AA4FF6EA2CBB78EA009F85B5 /* Products */,
				A42724AECE451D95B3D9431A /* Pods */,
				6658A78A389E5B3D25746A0B /* Frameworks */,
			);
			sourceTree = "<group>";
		};
		AA4FF6EA2CBB78EA009F85B5 /* Products */ = {
			isa = PBXGroup;
			children = (
				AA4FF6E92CBB78EA009F85B5 /* Movies.app */,
				AA4FF6FF2CBB78EC009F85B5 /* MoviesTests.xctest */,
			);
			name = Products;
			sourceTree = "<group>";
		};
		AA4FF7262CBB7987009F85B5 /* Movies */ = {
			isa = PBXGroup;
			children = (
				AA21F5D12D5C0D6A00BDF6E6 /* Start */,
				AA21F6042D5C0D6A00BDF6E6 /* Shared */,
				AA21F5ED2D5C0D6A00BDF6E6 /* Features */,
				AA21F6262D5C0D6A00BDF6E6 /* Resources */,
			);
			path = Movies;
			sourceTree = "<group>";
		};
/* End PBXGroup section */

/* Begin PBXNativeTarget section */
		AA4FF6E82CBB78EA009F85B5 /* Movies */ = {
			isa = PBXNativeTarget;
			buildConfigurationList = AA4FF7122CBB78EC009F85B5 /* Build configuration list for PBXNativeTarget "Movies" */;
			buildPhases = (
				AA4FF6E52CBB78EA009F85B5 /* Sources */,
				AA4FF6E62CBB78EA009F85B5 /* Frameworks */,
				AA4FF6E72CBB78EA009F85B5 /* Resources */,
			);
			buildRules = (
			);
			dependencies = (
			);
			name = Movies;
			productName = Movies;
			productReference = AA4FF6E92CBB78EA009F85B5 /* Movies.app */;
			productType = "com.apple.product-type.application";
		};
		AA4FF6FE2CBB78EC009F85B5 /* MoviesTests */ = {
			isa = PBXNativeTarget;
			buildConfigurationList = AA4FF7172CBB78EC009F85B5 /* Build configuration list for PBXNativeTarget "MoviesTests" */;
			buildPhases = (
				AA4FF6FB2CBB78EC009F85B5 /* Sources */,
				AA4FF6FC2CBB78EC009F85B5 /* Frameworks */,
				AA4FF6FD2CBB78EC009F85B5 /* Resources */,
			);
			buildRules = (
			);
			dependencies = (
				AA4FF7012CBB78EC009F85B5 /* PBXTargetDependency */,
			);
			name = MoviesTests;
			productName = MoviesTests;
			productReference = AA4FF6FF2CBB78EC009F85B5 /* MoviesTests.xctest */;
			productType = "com.apple.product-type.bundle.unit-test";
		};
<<<<<<< HEAD
=======
		AA4FF7082CBB78EC009F85B5 /* MoviesUITests */ = {
			isa = PBXNativeTarget;
			buildConfigurationList = AA4FF71A2CBB78EC009F85B5 /* Build configuration list for PBXNativeTarget "MoviesUITests" */;
			buildPhases = (
				AA4FF7052CBB78EC009F85B5 /* Sources */,
				AA4FF7062CBB78EC009F85B5 /* Frameworks */,
				AA4FF7072CBB78EC009F85B5 /* Resources */,
			);
			buildRules = (
			);
			dependencies = (
				AA4FF70B2CBB78EC009F85B5 /* PBXTargetDependency */,
			);
			name = MoviesUITests;
			packageProductDependencies = (
			);
			productName = MoviesUITests;
			productReference = AA4FF7092CBB78EC009F85B5 /* MoviesUITests.xctest */;
			productType = "com.apple.product-type.bundle.ui-testing";
		};
>>>>>>> f8ec996 (- Reorganized networking)
/* End PBXNativeTarget section */

/* Begin PBXProject section */
		AA4FF6E12CBB78EA009F85B5 /* Project object */ = {
			isa = PBXProject;
			attributes = {
				BuildIndependentTargetsInParallel = 1;
				LastSwiftUpdateCheck = 1620;
				LastUpgradeCheck = 1600;
				TargetAttributes = {
					AA4FF6E82CBB78EA009F85B5 = {
						CreatedOnToolsVersion = 16.0;
					};
					AA4FF6FE2CBB78EC009F85B5 = {
						CreatedOnToolsVersion = 16.0;
						LastSwiftMigration = 1600;
						TestTargetID = AA4FF6E82CBB78EA009F85B5;
					};
				};
			};
			buildConfigurationList = AA4FF6E42CBB78EA009F85B5 /* Build configuration list for PBXProject "Movies" */;
			developmentRegion = en;
			hasScannedForEncodings = 0;
			knownRegions = (
				en,
				Base,
			);
			mainGroup = AA4FF6E02CBB78EA009F85B5;
			minimizedProjectReferenceProxies = 1;
			preferredProjectObjectVersion = 77;
			productRefGroup = AA4FF6EA2CBB78EA009F85B5 /* Products */;
			projectDirPath = "";
			projectRoot = "";
			targets = (
				AA4FF6E82CBB78EA009F85B5 /* Movies */,
				AA4FF6FE2CBB78EC009F85B5 /* MoviesTests */,
			);
		};
/* End PBXProject section */

/* Begin PBXResourcesBuildPhase section */
		AA4FF6E72CBB78EA009F85B5 /* Resources */ = {
			isa = PBXResourcesBuildPhase;
			buildActionMask = 2147483647;
			files = (
				AA21F6272D5C0D6A00BDF6E6 /* Assets.xcassets in Resources */,
				AA21F6292D5C0D6A00BDF6E6 /* LaunchScreen.storyboard in Resources */,
			);
			runOnlyForDeploymentPostprocessing = 0;
		};
		AA4FF6FD2CBB78EC009F85B5 /* Resources */ = {
			isa = PBXResourcesBuildPhase;
			buildActionMask = 2147483647;
			files = (
			);
			runOnlyForDeploymentPostprocessing = 0;
		};
/* End PBXResourcesBuildPhase section */

/* Begin PBXSourcesBuildPhase section */
		AA4FF6E52CBB78EA009F85B5 /* Sources */ = {
			isa = PBXSourcesBuildPhase;
			buildActionMask = 2147483647;
			files = (
				AA21F5D22D5C0D6A00BDF6E6 /* AppDelegate.swift in Sources */,
				AA21F5EE2D5C0D6A00BDF6E6 /* DetailFactory.swift in Sources */,
				AA21F5EF2D5C0D6A00BDF6E6 /* MoviewDetailViewModel.swift in Sources */,
				AA21F5F02D5C0D6A00BDF6E6 /* MovieDetailView.swift in Sources */,
				AA21F5F12D5C0D6A00BDF6E6 /* MovieDetailViewController.swift in Sources */,
				AA21F5F22D5C0D6A00BDF6E6 /* HomeCoordinator.swift in Sources */,
				AA21F5F32D5C0D6A00BDF6E6 /* HomeFactory.swift in Sources */,
				AA21F5F42D5C0D6A00BDF6E6 /* HomeCellViewModel.swift in Sources */,
				AA21F5F52D5C0D6A00BDF6E6 /* HomeViewModel.swift in Sources */,
				AA21F5F62D5C0D6A00BDF6E6 /* HomeCell.swift in Sources */,
				AA21F5F72D5C0D6A00BDF6E6 /* HomeView.swift in Sources */,
				AA21F6052D5C0D6A00BDF6E6 /* Movie.swift in Sources */,
				AA21F6062D5C0D6A00BDF6E6 /* Log.swift in Sources */,
				AA21F6072D5C0D6A00BDF6E6 /* UIImageView+.swift in Sources */,
				AA21F6082D5C0D6A00BDF6E6 /* MovieService.swift in Sources */,
				AA21F6092D5C0D6A00BDF6E6 /* Observable.swift in Sources */,
				AA21F60A2D5C0D6A00BDF6E6 /* ViewConfig.swift in Sources */,
				AA21F62C2D5C0DAF00BDF6E6 /* HTTPClient.swift in Sources */,
				AA21F62E2D5C291E00BDF6E6 /* ExecutableHTTPClient.swift in Sources */,
				AA21F5F82D5C0D6A00BDF6E6 /* HomeViewController.swift in Sources */,
			);
			runOnlyForDeploymentPostprocessing = 0;
		};
		AA4FF6FB2CBB78EC009F85B5 /* Sources */ = {
			isa = PBXSourcesBuildPhase;
			buildActionMask = 2147483647;
			files = (
				AA21F61B2D5C0D6A00BDF6E6 /* MoviewDetailViewModelTests.swift in Sources */,
				AA21F61C2D5C0D6A00BDF6E6 /* HomeCoordinatorTests.swift in Sources */,
				AA21F61D2D5C0D6A00BDF6E6 /* HomeViewModelSpy.swift in Sources */,
				AA21F61E2D5C0D6A00BDF6E6 /* MovieFixture.swift in Sources */,
				AA21F61F2D5C0D6A00BDF6E6 /* HomeViewModelTests.swift in Sources */,
				AA21F6202D5C0D6A00BDF6E6 /* NetworkingTests.swift in Sources */,
				AA21F6212D5C0D6A00BDF6E6 /* URLSessionStub.swift in Sources */,
			);
			runOnlyForDeploymentPostprocessing = 0;
		};
<<<<<<< HEAD
=======
		AA4FF7052CBB78EC009F85B5 /* Sources */ = {
			isa = PBXSourcesBuildPhase;
			buildActionMask = 2147483647;
			files = (
				AA21F5D62D5C0D6A00BDF6E6 /* MoviesUITests.swift in Sources */,
				AA21F5D72D5C0D6A00BDF6E6 /* MoviesUITestsLaunchTests.swift in Sources */,
			);
			runOnlyForDeploymentPostprocessing = 0;
		};
>>>>>>> f8ec996 (- Reorganized networking)
/* End PBXSourcesBuildPhase section */

/* Begin PBXTargetDependency section */
		AA4FF7012CBB78EC009F85B5 /* PBXTargetDependency */ = {
			isa = PBXTargetDependency;
			target = AA4FF6E82CBB78EA009F85B5 /* Movies */;
			targetProxy = AA4FF7002CBB78EC009F85B5 /* PBXContainerItemProxy */;
		};
/* End PBXTargetDependency section */

/* Begin PBXVariantGroup section */
		AA21F6252D5C0D6A00BDF6E6 /* LaunchScreen.storyboard */ = {
			isa = PBXVariantGroup;
			children = (
				AA21F6242D5C0D6A00BDF6E6 /* Base */,
			);
			name = LaunchScreen.storyboard;
			sourceTree = "<group>";
		};
/* End PBXVariantGroup section */

/* Begin XCBuildConfiguration section */
		AA4FF7132CBB78EC009F85B5 /* Debug */ = {
			isa = XCBuildConfiguration;
			buildSettings = {
				ASSETCATALOG_COMPILER_APPICON_NAME = AppIcon;
				ASSETCATALOG_COMPILER_GLOBAL_ACCENT_COLOR_NAME = AccentColor;
				CODE_SIGN_STYLE = Automatic;
				CURRENT_PROJECT_VERSION = 1;
				DEVELOPMENT_TEAM = "";
				GENERATE_INFOPLIST_FILE = YES;
				INFOPLIST_FILE = Movies/Resources/Info.plist;
				INFOPLIST_KEY_UIApplicationSupportsIndirectInputEvents = YES;
				INFOPLIST_KEY_UILaunchStoryboardName = LaunchScreen;
				INFOPLIST_KEY_UIMainStoryboardFile = "";
				INFOPLIST_KEY_UISupportedInterfaceOrientations = UIInterfaceOrientationPortrait;
				INFOPLIST_KEY_UISupportedInterfaceOrientations_iPad = "UIInterfaceOrientationLandscapeLeft UIInterfaceOrientationLandscapeRight UIInterfaceOrientationPortrait UIInterfaceOrientationPortraitUpsideDown";
				LD_RUNPATH_SEARCH_PATHS = (
					"$(inherited)",
					"@executable_path/Frameworks",
				);
				MARKETING_VERSION = 1.0;
				PRODUCT_BUNDLE_IDENTIFIER = com.thiagomonteiro.Movies;
				PRODUCT_NAME = "$(TARGET_NAME)";
				SUPPORTED_PLATFORMS = "iphoneos iphonesimulator";
				SUPPORTS_MACCATALYST = NO;
				SUPPORTS_MAC_DESIGNED_FOR_IPHONE_IPAD = NO;
				SUPPORTS_XR_DESIGNED_FOR_IPHONE_IPAD = NO;
				SWIFT_EMIT_LOC_STRINGS = YES;
				SWIFT_VERSION = 5.0;
				TARGETED_DEVICE_FAMILY = 1;
			};
			name = Debug;
		};
		AA4FF7142CBB78EC009F85B5 /* Release */ = {
			isa = XCBuildConfiguration;
			buildSettings = {
				ASSETCATALOG_COMPILER_APPICON_NAME = AppIcon;
				ASSETCATALOG_COMPILER_GLOBAL_ACCENT_COLOR_NAME = AccentColor;
				CODE_SIGN_STYLE = Automatic;
				CURRENT_PROJECT_VERSION = 1;
				DEVELOPMENT_TEAM = "";
				GENERATE_INFOPLIST_FILE = YES;
				INFOPLIST_FILE = Movies/Resources/Info.plist;
				INFOPLIST_KEY_UIApplicationSupportsIndirectInputEvents = YES;
				INFOPLIST_KEY_UILaunchStoryboardName = LaunchScreen;
				INFOPLIST_KEY_UIMainStoryboardFile = "";
				INFOPLIST_KEY_UISupportedInterfaceOrientations = UIInterfaceOrientationPortrait;
				INFOPLIST_KEY_UISupportedInterfaceOrientations_iPad = "UIInterfaceOrientationLandscapeLeft UIInterfaceOrientationLandscapeRight UIInterfaceOrientationPortrait UIInterfaceOrientationPortraitUpsideDown";
				LD_RUNPATH_SEARCH_PATHS = (
					"$(inherited)",
					"@executable_path/Frameworks",
				);
				MARKETING_VERSION = 1.0;
				PRODUCT_BUNDLE_IDENTIFIER = com.thiagomonteiro.Movies;
				PRODUCT_NAME = "$(TARGET_NAME)";
				SUPPORTED_PLATFORMS = "iphoneos iphonesimulator";
				SUPPORTS_MACCATALYST = NO;
				SUPPORTS_MAC_DESIGNED_FOR_IPHONE_IPAD = NO;
				SUPPORTS_XR_DESIGNED_FOR_IPHONE_IPAD = NO;
				SWIFT_EMIT_LOC_STRINGS = YES;
				SWIFT_OPTIMIZATION_LEVEL = "-Onone";
				SWIFT_VERSION = 5.0;
				TARGETED_DEVICE_FAMILY = 1;
			};
			name = Release;
		};
		AA4FF7152CBB78EC009F85B5 /* Debug */ = {
			isa = XCBuildConfiguration;
			buildSettings = {
				ALWAYS_SEARCH_USER_PATHS = NO;
				ASSETCATALOG_COMPILER_GENERATE_SWIFT_ASSET_SYMBOL_EXTENSIONS = YES;
				CLANG_ANALYZER_NONNULL = YES;
				CLANG_ANALYZER_NUMBER_OBJECT_CONVERSION = YES_AGGRESSIVE;
				CLANG_CXX_LANGUAGE_STANDARD = "gnu++20";
				CLANG_ENABLE_MODULES = YES;
				CLANG_ENABLE_OBJC_ARC = YES;
				CLANG_ENABLE_OBJC_WEAK = YES;
				CLANG_WARN_BLOCK_CAPTURE_AUTORELEASING = YES;
				CLANG_WARN_BOOL_CONVERSION = YES;
				CLANG_WARN_COMMA = YES;
				CLANG_WARN_CONSTANT_CONVERSION = YES;
				CLANG_WARN_DEPRECATED_OBJC_IMPLEMENTATIONS = YES;
				CLANG_WARN_DIRECT_OBJC_ISA_USAGE = YES_ERROR;
				CLANG_WARN_DOCUMENTATION_COMMENTS = YES;
				CLANG_WARN_EMPTY_BODY = YES;
				CLANG_WARN_ENUM_CONVERSION = YES;
				CLANG_WARN_INFINITE_RECURSION = YES;
				CLANG_WARN_INT_CONVERSION = YES;
				CLANG_WARN_NON_LITERAL_NULL_CONVERSION = YES;
				CLANG_WARN_OBJC_IMPLICIT_RETAIN_SELF = YES;
				CLANG_WARN_OBJC_LITERAL_CONVERSION = YES;
				CLANG_WARN_OBJC_ROOT_CLASS = YES_ERROR;
				CLANG_WARN_QUOTED_INCLUDE_IN_FRAMEWORK_HEADER = YES;
				CLANG_WARN_RANGE_LOOP_ANALYSIS = YES;
				CLANG_WARN_STRICT_PROTOTYPES = YES;
				CLANG_WARN_SUSPICIOUS_MOVE = YES;
				CLANG_WARN_UNGUARDED_AVAILABILITY = YES_AGGRESSIVE;
				CLANG_WARN_UNREACHABLE_CODE = YES;
				CLANG_WARN__DUPLICATE_METHOD_MATCH = YES;
				COPY_PHASE_STRIP = NO;
				DEBUG_INFORMATION_FORMAT = dwarf;
				ENABLE_STRICT_OBJC_MSGSEND = YES;
				ENABLE_TESTABILITY = YES;
				ENABLE_USER_SCRIPT_SANDBOXING = YES;
				GCC_C_LANGUAGE_STANDARD = gnu17;
				GCC_DYNAMIC_NO_PIC = NO;
				GCC_NO_COMMON_BLOCKS = YES;
				GCC_OPTIMIZATION_LEVEL = 0;
				GCC_PREPROCESSOR_DEFINITIONS = (
					"DEBUG=1",
					"$(inherited)",
				);
				GCC_WARN_64_TO_32_BIT_CONVERSION = YES;
				GCC_WARN_ABOUT_RETURN_TYPE = YES_ERROR;
				GCC_WARN_UNDECLARED_SELECTOR = YES;
				GCC_WARN_UNINITIALIZED_AUTOS = YES_AGGRESSIVE;
				GCC_WARN_UNUSED_FUNCTION = YES;
				GCC_WARN_UNUSED_VARIABLE = YES;
				IPHONEOS_DEPLOYMENT_TARGET = 18.0;
				LINK_WITH_STANDARD_LIBRARIES = NO;
				LOCALIZATION_PREFERS_STRING_CATALOGS = YES;
				MTL_ENABLE_DEBUG_INFO = INCLUDE_SOURCE;
				MTL_FAST_MATH = YES;
				ONLY_ACTIVE_ARCH = YES;
				SDKROOT = iphoneos;
				SWIFT_ACTIVE_COMPILATION_CONDITIONS = "DEBUG $(inherited)";
				SWIFT_OPTIMIZATION_LEVEL = "-Onone";
			};
			name = Debug;
		};
		AA4FF7162CBB78EC009F85B5 /* Release */ = {
			isa = XCBuildConfiguration;
			buildSettings = {
				ALWAYS_SEARCH_USER_PATHS = NO;
				ASSETCATALOG_COMPILER_GENERATE_SWIFT_ASSET_SYMBOL_EXTENSIONS = YES;
				CLANG_ANALYZER_NONNULL = YES;
				CLANG_ANALYZER_NUMBER_OBJECT_CONVERSION = YES_AGGRESSIVE;
				CLANG_CXX_LANGUAGE_STANDARD = "gnu++20";
				CLANG_ENABLE_MODULES = YES;
				CLANG_ENABLE_OBJC_ARC = YES;
				CLANG_ENABLE_OBJC_WEAK = YES;
				CLANG_WARN_BLOCK_CAPTURE_AUTORELEASING = YES;
				CLANG_WARN_BOOL_CONVERSION = YES;
				CLANG_WARN_COMMA = YES;
				CLANG_WARN_CONSTANT_CONVERSION = YES;
				CLANG_WARN_DEPRECATED_OBJC_IMPLEMENTATIONS = YES;
				CLANG_WARN_DIRECT_OBJC_ISA_USAGE = YES_ERROR;
				CLANG_WARN_DOCUMENTATION_COMMENTS = YES;
				CLANG_WARN_EMPTY_BODY = YES;
				CLANG_WARN_ENUM_CONVERSION = YES;
				CLANG_WARN_INFINITE_RECURSION = YES;
				CLANG_WARN_INT_CONVERSION = YES;
				CLANG_WARN_NON_LITERAL_NULL_CONVERSION = YES;
				CLANG_WARN_OBJC_IMPLICIT_RETAIN_SELF = YES;
				CLANG_WARN_OBJC_LITERAL_CONVERSION = YES;
				CLANG_WARN_OBJC_ROOT_CLASS = YES_ERROR;
				CLANG_WARN_QUOTED_INCLUDE_IN_FRAMEWORK_HEADER = YES;
				CLANG_WARN_RANGE_LOOP_ANALYSIS = YES;
				CLANG_WARN_STRICT_PROTOTYPES = YES;
				CLANG_WARN_SUSPICIOUS_MOVE = YES;
				CLANG_WARN_UNGUARDED_AVAILABILITY = YES_AGGRESSIVE;
				CLANG_WARN_UNREACHABLE_CODE = YES;
				CLANG_WARN__DUPLICATE_METHOD_MATCH = YES;
				COPY_PHASE_STRIP = NO;
				DEBUG_INFORMATION_FORMAT = "dwarf-with-dsym";
				ENABLE_NS_ASSERTIONS = NO;
				ENABLE_STRICT_OBJC_MSGSEND = YES;
				ENABLE_USER_SCRIPT_SANDBOXING = YES;
				GCC_C_LANGUAGE_STANDARD = gnu17;
				GCC_NO_COMMON_BLOCKS = YES;
				GCC_WARN_64_TO_32_BIT_CONVERSION = YES;
				GCC_WARN_ABOUT_RETURN_TYPE = YES_ERROR;
				GCC_WARN_UNDECLARED_SELECTOR = YES;
				GCC_WARN_UNINITIALIZED_AUTOS = YES_AGGRESSIVE;
				GCC_WARN_UNUSED_FUNCTION = YES;
				GCC_WARN_UNUSED_VARIABLE = YES;
				IPHONEOS_DEPLOYMENT_TARGET = 18.0;
				LINK_WITH_STANDARD_LIBRARIES = NO;
				LOCALIZATION_PREFERS_STRING_CATALOGS = YES;
				MTL_ENABLE_DEBUG_INFO = NO;
				MTL_FAST_MATH = YES;
				SDKROOT = iphoneos;
				SWIFT_COMPILATION_MODE = wholemodule;
				SWIFT_OPTIMIZATION_LEVEL = "-Onone";
				VALIDATE_PRODUCT = YES;
			};
			name = Release;
		};
		AA4FF7182CBB78EC009F85B5 /* Debug */ = {
			isa = XCBuildConfiguration;
			buildSettings = {
				BUNDLE_LOADER = "$(TEST_HOST)";
				CLANG_ENABLE_MODULES = YES;
				CODE_SIGN_STYLE = Automatic;
				CURRENT_PROJECT_VERSION = 1;
				DEVELOPMENT_TEAM = L923PSABUA;
				GENERATE_INFOPLIST_FILE = YES;
				IPHONEOS_DEPLOYMENT_TARGET = 18.0;
				MARKETING_VERSION = 1.0;
				PRODUCT_BUNDLE_IDENTIFIER = com.thiagomonteiro.MoviesTests;
				PRODUCT_NAME = "$(TARGET_NAME)";
				SWIFT_EMIT_LOC_STRINGS = NO;
				SWIFT_OPTIMIZATION_LEVEL = "-Onone";
				SWIFT_VERSION = 5.0;
				TARGETED_DEVICE_FAMILY = "1,2";
				TEST_HOST = "$(BUILT_PRODUCTS_DIR)/Movies.app/$(BUNDLE_EXECUTABLE_FOLDER_PATH)/Movies";
			};
			name = Debug;
		};
		AA4FF7192CBB78EC009F85B5 /* Release */ = {
			isa = XCBuildConfiguration;
			buildSettings = {
				BUNDLE_LOADER = "$(TEST_HOST)";
				CLANG_ENABLE_MODULES = YES;
				CODE_SIGN_STYLE = Automatic;
				CURRENT_PROJECT_VERSION = 1;
				DEVELOPMENT_TEAM = L923PSABUA;
				GENERATE_INFOPLIST_FILE = YES;
				IPHONEOS_DEPLOYMENT_TARGET = 18.0;
				MARKETING_VERSION = 1.0;
				PRODUCT_BUNDLE_IDENTIFIER = com.thiagomonteiro.MoviesTests;
				PRODUCT_NAME = "$(TARGET_NAME)";
				SWIFT_EMIT_LOC_STRINGS = NO;
				SWIFT_VERSION = 5.0;
				TARGETED_DEVICE_FAMILY = "1,2";
				TEST_HOST = "$(BUILT_PRODUCTS_DIR)/Movies.app/$(BUNDLE_EXECUTABLE_FOLDER_PATH)/Movies";
			};
			name = Release;
		};
/* End XCBuildConfiguration section */

/* Begin XCConfigurationList section */
		AA4FF6E42CBB78EA009F85B5 /* Build configuration list for PBXProject "Movies" */ = {
			isa = XCConfigurationList;
			buildConfigurations = (
				AA4FF7152CBB78EC009F85B5 /* Debug */,
				AA4FF7162CBB78EC009F85B5 /* Release */,
			);
			defaultConfigurationIsVisible = 0;
			defaultConfigurationName = Release;
		};
		AA4FF7122CBB78EC009F85B5 /* Build configuration list for PBXNativeTarget "Movies" */ = {
			isa = XCConfigurationList;
			buildConfigurations = (
				AA4FF7132CBB78EC009F85B5 /* Debug */,
				AA4FF7142CBB78EC009F85B5 /* Release */,
			);
			defaultConfigurationIsVisible = 0;
			defaultConfigurationName = Release;
		};
		AA4FF7172CBB78EC009F85B5 /* Build configuration list for PBXNativeTarget "MoviesTests" */ = {
			isa = XCConfigurationList;
			buildConfigurations = (
				AA4FF7182CBB78EC009F85B5 /* Debug */,
				AA4FF7192CBB78EC009F85B5 /* Release */,
			);
			defaultConfigurationIsVisible = 0;
			defaultConfigurationName = Release;
		};
/* End XCConfigurationList section */
	};
	rootObject = AA4FF6E12CBB78EA009F85B5 /* Project object */;
}
